
Microsoft Visual Studio Solution File, Format Version 11.00
# Visual Studio 2010
Project("{FAE04EC0-301F-11D3-BF4B-00C04F79EFBC}") = "Assembly-CSharp", "Assembly-CSharp.csproj", "{247a4549-b715-b30b-b074-f1f4b92f9972}"
EndProject
Project("{FAE04EC0-301F-11D3-BF4B-00C04F79EFBC}") = "Assembly-CSharp-firstpass", "Assembly-CSharp-firstpass.csproj", "{a9ccbb99-990f-0469-6636-3760cf8bc858}"
EndProject
Project("{FAE04EC0-301F-11D3-BF4B-00C04F79EFBC}") = "Assembly-CSharp-Editor", "Assembly-CSharp-Editor.csproj", "{1c76f12a-1183-ba04-39e9-ae6ebe90e4b9}"
EndProject
Project("{FAE04EC0-301F-11D3-BF4B-00C04F79EFBC}") = "Assembly-CSharp-Editor-firstpass", "Assembly-CSharp-Editor-firstpass.csproj", "{1195a50b-4bde-f7ef-d531-62d2bad56abc}"
EndProject
Global
	GlobalSection(SolutionConfigurationPlatforms) = preSolution
		Debug|Any CPU = Debug|Any CPU
	EndGlobalSection
	GlobalSection(ProjectConfigurationPlatforms) = postSolution
		{247a4549-b715-b30b-b074-f1f4b92f9972}.Debug|Any CPU.ActiveCfg = Debug|Any CPU
		{247a4549-b715-b30b-b074-f1f4b92f9972}.Debug|Any CPU.Build.0 = Debug|Any CPU
		{a9ccbb99-990f-0469-6636-3760cf8bc858}.Debug|Any CPU.ActiveCfg = Debug|Any CPU
		{a9ccbb99-990f-0469-6636-3760cf8bc858}.Debug|Any CPU.Build.0 = Debug|Any CPU
		{1c76f12a-1183-ba04-39e9-ae6ebe90e4b9}.Debug|Any CPU.ActiveCfg = Debug|Any CPU
		{1c76f12a-1183-ba04-39e9-ae6ebe90e4b9}.Debug|Any CPU.Build.0 = Debug|Any CPU
		{1195a50b-4bde-f7ef-d531-62d2bad56abc}.Debug|Any CPU.ActiveCfg = Debug|Any CPU
		{1195a50b-4bde-f7ef-d531-62d2bad56abc}.Debug|Any CPU.Build.0 = Debug|Any CPU
	EndGlobalSection
	GlobalSection(SolutionProperties) = preSolution
		HideSolutionNode = FALSE
	EndGlobalSection
EndGlobal
